<?xml version="1.0" encoding="utf-8"?>
<Project ToolsVersion="4.0" xmlns="http://schemas.microsoft.com/developer/msbuild/2003">
  <ItemGroup>
    <ClCompile Include="src\Lexer\SourceFile.cpp" />
    <ClCompile Include="src\pch.cpp" />
    <ClCompile Include="src\Core\Utf8.cpp" />
    <ClCompile Include="src\Core\Utf8Helpers.cpp" />
    <ClCompile Include="src\Lexer\LangSpec.cpp" />
    <ClCompile Include="src\Lexer\Lexer.cpp" />
    <ClCompile Include="src\Lexer\SourceCodeLocation.cpp" />
    <ClCompile Include="src\Lexer\Token.cpp" />
    <ClCompile Include="src\Main\CommandLine.cpp" />
    <ClCompile Include="src\Main\CommandLineParser.cpp" />
    <ClCompile Include="src\Main\CompilerContext.cpp" />
    <ClCompile Include="src\Main\CompilerInstance.cpp" />
    <ClCompile Include="src\Main\swc.cpp" />
    <ClCompile Include="src\Os\OsWin32.cpp" />
    <ClCompile Include="src\Report\Check.cpp" />
    <ClCompile Include="src\Report\Diagnostic.cpp" />
    <ClCompile Include="src\Report\DiagnosticIds.cpp" />
    <ClCompile Include="src\Report\DiagnosticElement.cpp" />
    <ClCompile Include="src\Report\Logger.cpp" />
    <ClCompile Include="src\Report\UnitTest.cpp" />
    <ClCompile Include="src\Thread\Job.cpp" />
    <ClCompile Include="src\Thread\JobManager.cpp" />
  </ItemGroup>
  <ItemGroup>
    <ClInclude Include="src\Lexer\SourceFile.h" />
    <ClInclude Include="src\pch.h" />
    <ClInclude Include="src\Core\Flags.h" />
    <ClInclude Include="src\Core\Utf8.h" />
    <ClInclude Include="src\Core\Utf8Helpers.h" />
    <ClInclude Include="src\Lexer\KeywordTable.h" />
    <ClInclude Include="src\Lexer\Keyword.h" />
    <ClInclude Include="src\Lexer\LangSpec.h" />
    <ClInclude Include="src\Lexer\Lexer.h" />
    <ClInclude Include="src\Lexer\SourceCodeLocation.h" />
    <ClInclude Include="src\Lexer\Token.h" />
    <ClInclude Include="src\Main\CommandLine.h" />
    <ClInclude Include="src\Main\CommandLineParser.h" />
    <ClInclude Include="src\Main\CompilerContext.h" />
    <ClInclude Include="src\Main\CompilerInstance.h" />
    <ClInclude Include="src\Os\Os.h" />
    <ClInclude Include="src\Report\Check.h" />
    <ClInclude Include="src\Report\Color.h" />
    <ClInclude Include="src\Report\Diagnostic.h" />
    <ClInclude Include="src\Report\DiagnosticIds.h" />
    <ClInclude Include="src\Report\DiagnosticElement.h" />
    <ClInclude Include="src\Report\DiagnosticIds.inc" />
    <ClInclude Include="src\Report\Logger.h" />
    <ClInclude Include="src\Report\UnitTest.h" />
    <ClInclude Include="src\Thread\Job.h" />
    <ClInclude Include="src\Thread\JobManager.h" />
  </ItemGroup>
</Project>